{
		"name": "bsl",
		"version": "0.0.15",
		"lockfileVersion": 3,
		"requires": true,
		"packages": {
				"": {
						"version": "0.0.15",
						"license": "MIT",
						"dependencies": {
								"js-yaml": "^4.3.0",
								"promise-fs": "^2.1.1"
						},
						"devDependencies": {
								"@types/node": "^14.0.23",
								"@types/vscode": "^1.26.0"
						},
						"engines": {
								"vscode": "^1.26.0"
						}
				},
				"node_modules/@octetstream/promisify": {
						"version": "2.0.2",
						"resolved": "https://registry.npmjs.org/@octetstream/promisify/-/promisify-2.0.2.tgz",
						"integrity": "sha512-7XHoRB61hxsz8lBQrjC1tq/3OEIgpvGWg6DKAdwi7WRzruwkmsdwmOoUXbU4Dtd4RSOMDwed0SkP3y8UlMt1Bg==",
						"engines": {
								"node": "6.x || >=8.x"
						}
				},
				"node_modules/@types/node": {
						"version": "14.0.23",
						"resolved": "https://registry.npmjs.org/@types/node/-/node-14.0.23.tgz",
						"integrity": "sha512-Z4U8yDAl5TFkmYsZdFPdjeMa57NOvnaf1tljHzhouaPEp7LCj2JKkejpI1ODviIAQuW4CcQmxkQ77rnLsOOoKw==",
						"dev": true
				},
				"node_modules/@types/vscode": {
						"version": "1.47.0",
						"resolved": "https://registry.npmjs.org/@types/vscode/-/vscode-1.47.0.tgz",
						"integrity": "sha512-nJA37ykkz9FYA0ZOQUSc3OZnhuzEW2vUhUEo4MiduUo82jGwwcLfyvmgd/Q7b0WrZAAceojGhZybg319L24bTA==",
						"dev": true
				},
				"node_modules/argparse": {
						"version": "2.0.1",
						"resolved": "https://registry.npmjs.org/argparse/-/argparse-2.0.1.tgz",
						"integrity": "sha512-8+9WqebbFzpX9OR+Wa6O29asIogeRMzcGtAINdpMHHyAg10f05aSFVBbcEqGf/PXw1EjAZ+q2/bEBg3DvurK3Q==",
						"license": "Python-2.0"
				},
				"node_modules/js-yaml": {
						"version": "4.3.0",
						"resolved": "https://registry.npmjs.org/js-yaml/-/js-yaml-4.3.0.tgz",
						"integrity": "sha512-1td788aAnnZ5qs7V2QIRl1owjtYpbKt749Y3xauqQgwIIGF/xXWz1wMTEBx5O3LK3lXLVuqXPdPxj2BoFHaW9Q==",
						"funding": [
								{
										"type": "github",
										"url": "https://github.com/sponsors/puzrin"
								},
								{
										"type": "github",
										"url": "https://github.com/sponsors/nodeca"
								}
						],
						"license": "MIT",
						"dependencies": {
								"argparse": "^2.0.1"
						},
						"bin": {
								"js-yaml": "bin/js-yaml.js"
						}
				},
				"node_modules/promise-fs": {
						"version": "2.1.1",
						"resolved": "https://registry.npmjs.org/promise-fs/-/promise-fs-2.1.1.tgz",
						"integrity": "sha512-43p7e4QzAQ3w6eyN0+gbBL7jXiZFWLWYITg9wIObqkBySu/a5K1EDcQ/S6UyB/bmiZWDA4NjTbcopKLTaKcGSw==",
						"dependencies": {
								"@octetstream/promisify": "2.0.2"
						},
						"engines": {
								"node": ">=6"
						}
				}
		}
}
